
Microsoft Visual Studio Solution File, Format Version 12.00
# Visual Studio Version 17
VisualStudioVersion = 17.1.32407.343
MinimumVisualStudioVersion = 10.0.40219.1
Project("{FAE04EC0-301F-11D3-BF4B-00C04F79EFBC}") = "WinFormsApp1", "WinFormsApp1.csproj", "{ABEA6684-820D-481F-99F8-92B03710830B}"
EndProject
Global
	GlobalSection(SolutionConfigurationPlatforms) = preSolution
		Debug|Any CPU = Debug|Any CPU
		Release|Any CPU = Release|Any CPU
	EndGlobalSection
	GlobalSection(ProjectConfigurationPlatforms) = postSolution
		{ABEA6684-820D-481F-99F8-92B03710830B}.Debug|Any CPU.ActiveCfg = Debug|Any CPU
		{ABEA6684-820D-481F-99F8-92B03710830B}.Debug|Any CPU.Build.0 = Debug|Any CPU
		{ABEA6684-820D-481F-99F8-92B03710830B}.Release|Any CPU.ActiveCfg = Release|Any CPU
		{ABEA6684-820D-481F-99F8-92B03710830B}.Release|Any CPU.Build.0 = Release|Any CPU
	EndGlobalSection
	GlobalSection(SolutionProperties) = preSolution
		HideSolutionNode = FALSE
	EndGlobalSection
	GlobalSection(ExtensibilityGlobals) = postSolution
		SolutionGuid = {27992BD9-025A-4186-B7AF-8DFFD29B15EB}
	EndGlobalSection
EndGlobal
